{
  "name": "swarm-verify-action",
  "version": "1.0.0-rc.5",
  "lockfileVersion": 3,
  "requires": true,
  "packages": {
    "": {
      "name": "swarm-verify-action",
      "version": "1.0.0-rc.5",
      "license": "ISC",
      "dependencies": {
        "swarm-verify": "1.0.0-rc.5"
      }
    },
    "node_modules/smol-toml": {
      "version": "1.9.0",
      "resolved": "https://registry.npmjs.org/smol-toml/-/smol-toml-1.9.0.tgz",
      "integrity": "sha512-hpd+HLON7HdZXqYchMM/+LaTTbdK0AU3NngIJ4KVyWbY9bfQqdL9cD+4yf6dUoU2Ap4VsU0JkQi6FxAI1B2mXQ==",
      "license": "BSD-3-Clause",
      "engines": {
        "node": ">= 18"
      },
      "funding": {
        "url": "https://github.com/sponsors/cyyynthia"
      }
    },
    "node_modules/swarm-verify": {
      "version": "1.0.0-rc.5",
      "resolved": "https://registry.npmjs.org/swarm-verify/-/swarm-verify-1.0.0-rc.5.tgz",
      "integrity": "sha512-r0S0WpeFfSGKgNNt6t3IDOy9vbPphWn9uqKmYgxHR+rraorNOBlRMqPlvCOpXd53hlibxU/XGqGC5Ca4qo9gEg==",
      "license": "ISC",
      "dependencies": {
        "smol-toml": "^1.8.0",
        "zod": "^4.4.3"
      },
      "bin": {
        "swarm-verify": "dist/swarm-verify.js"
      },
      "engines": {
        "node": ">=22.0.0"
      }
    },
    "node_modules/zod": {
      "version": "4.6.5",
      "resolved": "https://registry.npmjs.org/zod/-/zod-4.6.5.tgz",
      "integrity": "sha512-v5l/aFXZQeai4awLbOpSoHecE9UiMrnfx75tEXLjNonXVARxQ5mOeipTjROUchszUNCqnE+hqAMujRsRHsut2Q==",
      "license": "MIT",
      "funding": {
        "url": "https://github.com/sponsors/colinhacks"
      }
    }
  }
}
